
Microsoft Visual Studio Solution File, Format Version 12.00
# Visual Studio Version 17
VisualStudioVersion = 17.4.33213.308
MinimumVisualStudioVersion = 10.0.40219.1
Project("{FAE04EC0-301F-11D3-BF4B-00C04F79EFBC}") = "JokesWebApp", "JokesWebApp.csproj", "{A571F473-F6C9-4CC2-B6F4-5917B94ACC66}"
EndProject
Global
	GlobalSection(SolutionConfigurationPlatforms) = preSolution
		Debug|Any CPU = Debug|Any CPU
		Release|Any CPU = Release|Any CPU
	EndGlobalSection
	GlobalSection(ProjectConfigurationPlatforms) = postSolution
		{A571F473-F6C9-4CC2-B6F4-5917B94ACC66}.Debug|Any CPU.ActiveCfg = Debug|Any CPU
		{A571F473-F6C9-4CC2-B6F4-5917B94ACC66}.Debug|Any CPU.Build.0 = Debug|Any CPU
		{A571F473-F6C9-4CC2-B6F4-5917B94ACC66}.Release|Any CPU.ActiveCfg = Release|Any CPU
		{A571F473-F6C9-4CC2-B6F4-5917B94ACC66}.Release|Any CPU.Build.0 = Release|Any CPU
	EndGlobalSection
	GlobalSection(SolutionProperties) = preSolution
		HideSolutionNode = FALSE
	EndGlobalSection
	GlobalSection(ExtensibilityGlobals) = postSolution
		SolutionGuid = {6A5A1DF2-B53A-4D4A-BD5B-1E1E354F2C57}
	EndGlobalSection
EndGlobal
